// !$*UTF8*$!
{
	archiveVersion = 1;
	classes = {
	};
	objectVersion = 50;
	objects = {

/* Begin PBXBuildFile section */
		A10AF83621AAB8E000465BB0 /* AppDelegate.swift in Sources */ = {isa = PBXBuildFile; fileRef = A10AF83521AAB8E000465BB0 /* AppDelegate.swift */; };
		A10AF83821AAB8E000465BB0 /* ViewController.swift in Sources */ = {isa = PBXBuildFile; fileRef = A10AF83721AAB8E000465BB0 /* ViewController.swift */; };
		A10AF83B21AAB8E000465BB0 /* Main.storyboard in Resources */ = {isa = PBXBuildFile; fileRef = A10AF83921AAB8E000465BB0 /* Main.storyboard */; };
		A10AF83D21AAB8E200465BB0 /* Assets.xcassets in Resources */ = {isa = PBXBuildFile; fileRef = A10AF83C21AAB8E200465BB0 /* Assets.xcassets */; };
		A10AF84021AAB8E200465BB0 /* LaunchScreen.storyboard in Resources */ = {isa = PBXBuildFile; fileRef = A10AF83E21AAB8E200465BB0 /* LaunchScreen.storyboard */; };
		A10AF84B21AAB8E200465BB0 /* PhotosTests.swift in Sources */ = {isa = PBXBuildFile; fileRef = A10AF84A21AAB8E200465BB0 /* PhotosTests.swift */; };
		A10AF85621AAB8E200465BB0 /* PhotosUITests.swift in Sources */ = {isa = PBXBuildFile; fileRef = A10AF85521AAB8E200465BB0 /* PhotosUITests.swift */; };
/* End PBXBuildFile section */

/* Begin PBXContainerItemProxy section */
		A10AF84721AAB8E200465BB0 /* PBXContainerItemProxy */ = {
			isa = PBXContainerItemProxy;
			containerPortal = A10AF82A21AAB8E000465BB0 /* Project object */;
			proxyType = 1;
			remoteGlobalIDString = A10AF83121AAB8E000465BB0;
			remoteInfo = Photos;
		};
		A10AF85221AAB8E200465BB0 /* PBXContainerItemProxy */ = {
			isa = PBXContainerItemProxy;
			containerPortal = A10AF82A21AAB8E000465BB0 /* Project object */;
			proxyType = 1;
			remoteGlobalIDString = A10AF83121AAB8E000465BB0;
			remoteInfo = Photos;
		};
/* End PBXContainerItemProxy section */

/* Begin PBXFileReference section */
		A10AF83221AAB8E000465BB0 /* Photos.app */ = {isa = PBXFileReference; explicitFileType = wrapper.application; includeInIndex = 0; path = Photos.app; sourceTree = BUILT_PRODUCTS_DIR; };
		A10AF83521AAB8E000465BB0 /* AppDelegate.swift */ = {isa = PBXFileReference; lastKnownFileType = sourcecode.swift; path = AppDelegate.swift; sourceTree = "<group>"; };
		A10AF83721AAB8E000465BB0 /* ViewController.swift */ = {isa = PBXFileReference; lastKnownFileType = sourcecode.swift; path = ViewController.swift; sourceTree = "<group>"; };
		A10AF83A21AAB8E000465BB0 /* Base */ = {isa = PBXFileReference; lastKnownFileType = file.storyboard; name = Base; path = Base.lproj/Main.storyboard; sourceTree = "<group>"; };
		A10AF83C21AAB8E200465BB0 /* Assets.xcassets */ = {isa = PBXFileReference; lastKnownFileType = folder.assetcatalog; path = Assets.xcassets; sourceTree = "<group>"; };
		A10AF83F21AAB8E200465BB0 /* Base */ = {isa = PBXFileReference; lastKnownFileType = file.storyboard; name = Base; path = Base.lproj/LaunchScreen.storyboard; sourceTree = "<group>"; };
		A10AF84121AAB8E200465BB0 /* Info.plist */ = {isa = PBXFileReference; lastKnownFileType = text.plist.xml; path = Info.plist; sourceTree = "<group>"; };
		A10AF84621AAB8E200465BB0 /* PhotosTests.xctest */ = {isa = PBXFileReference; explicitFileType = wrapper.cfbundle; includeInIndex = 0; path = PhotosTests.xctest; sourceTree = BUILT_PRODUCTS_DIR; };
		A10AF84A21AAB8E200465BB0 /* PhotosTests.swift */ = {isa = PBXFileReference; lastKnownFileType = sourcecode.swift; path = PhotosTests.swift; sourceTree = "<group>"; };
		A10AF84C21AAB8E200465BB0 /* Info.plist */ = {isa = PBXFileReference; lastKnownFileType = text.plist.xml; path = Info.plist; sourceTree = "<group>"; };
		A10AF85121AAB8E200465BB0 /* PhotosUITests.xctest */ = {isa = PBXFileReference; explicitFileType = wrapper.cfbundle; includeInIndex = 0; path = PhotosUITests.xctest; sourceTree = BUILT_PRODUCTS_DIR; };
		A10AF85521AAB8E200465BB0 /* PhotosUITests.swift */ = {isa = PBXFileReference; lastKnownFileType = sourcecode.swift; path = PhotosUITests.swift; sourceTree = "<group>"; };
		A10AF85721AAB8E200465BB0 /* Info.plist */ = {isa = PBXFileReference; lastKnownFileType = text.plist.xml; path = Info.plist; sourceTree = "<group>"; };
/* End PBXFileReference section */

/* Begin PBXFrameworksBuildPhase section */
		A10AF82F21AAB8E000465BB0 /* Frameworks */ = {
			isa = PBXFrameworksBuildPhase;
			buildActionMask = 2147483647;
			files = (
			);
			runOnlyForDeploymentPostprocessing = 0;
		};
		A10AF84321AAB8E200465BB0 /* Frameworks */ = {
			isa = PBXFrameworksBuildPhase;
			buildActionMask = 2147483647;
			files = (
			);
			runOnlyForDeploymentPostprocessing = 0;
		};
		A10AF84E21AAB8E200465BB0 /* Frameworks */ = {
			isa = PBXFrameworksBuildPhase;
			buildActionMask = 2147483647;
			files = (
			);
			runOnlyForDeploymentPostprocessing = 0;
		};
/* End PBXFrameworksBuildPhase section */

/* Begin PBXGroup section */
		A10AF82921AAB8E000465BB0 = {
			isa = PBXGroup;
			children = (
				A10AF83421AAB8E000465BB0 /* Photos */,
				A10AF84921AAB8E200465BB0 /* PhotosTests */,
				A10AF85421AAB8E200465BB0 /* PhotosUITests */,
				A10AF83321AAB8E000465BB0 /* Products */,
			);
			sourceTree = "<group>";
		};
		A10AF83321AAB8E000465BB0 /* Products */ = {
			isa = PBXGroup;
			children = (
				A10AF83221AAB8E000465BB0 /* Photos.app */,
				A10AF84621AAB8E200465BB0 /* PhotosTests.xctest */,
				A10AF85121AAB8E200465BB0 /* PhotosUITests.xctest */,
			);
			name = Products;
			sourceTree = "<group>";
		};
		A10AF83421AAB8E000465BB0 /* Photos */ = {
			isa = PBXGroup;
			children = (
				A10AF83521AAB8E000465BB0 /* AppDelegate.swift */,
				A10AF83721AAB8E000465BB0 /* ViewController.swift */,
				A10AF83921AAB8E000465BB0 /* Main.storyboard */,
				A10AF83C21AAB8E200465BB0 /* Assets.xcassets */,
				A10AF83E21AAB8E200465BB0 /* LaunchScreen.storyboard */,
				A10AF84121AAB8E200465BB0 /* Info.plist */,
			);
			path = Photos;
			sourceTree = "<group>";
		};
		A10AF84921AAB8E200465BB0 /* PhotosTests */ = {
			isa = PBXGroup;
			children = (
				A10AF84A21AAB8E200465BB0 /* PhotosTests.swift */,
				A10AF84C21AAB8E200465BB0 /* Info.plist */,
			);
			path = PhotosTests;
			sourceTree = "<group>";
		};
		A10AF85421AAB8E200465BB0 /* PhotosUITests */ = {
			isa = PBXGroup;
			children = (
				A10AF85521AAB8E200465BB0 /* PhotosUITests.swift */,
				A10AF85721AAB8E200465BB0 /* Info.plist */,
			);
			path = PhotosUITests;
			sourceTree = "<group>";
		};
/* End PBXGroup section */

/* Begin PBXNativeTarget section */
		A10AF83121AAB8E000465BB0 /* Photos */ = {
			isa = PBXNativeTarget;
			buildConfigurationList = A10AF85A21AAB8E200465BB0 /* Build configuration list for PBXNativeTarget "Photos" */;
			buildPhases = (
				A10AF82E21AAB8E000465BB0 /* Sources */,
				A10AF82F21AAB8E000465BB0 /* Frameworks */,
				A10AF83021AAB8E000465BB0 /* Resources */,
			);
			buildRules = (
			);
			dependencies = (
			);
			name = Photos;
			productName = Photos;
			productReference = A10AF83221AAB8E000465BB0 /* Photos.app */;
			productType = "com.apple.product-type.application";
		};
		A10AF84521AAB8E200465BB0 /* PhotosTests */ = {
			isa = PBXNativeTarget;
			buildConfigurationList = A10AF85D21AAB8E200465BB0 /* Build configuration list for PBXNativeTarget "PhotosTests" */;
			buildPhases = (
				A10AF84221AAB8E200465BB0 /* Sources */,
				A10AF84321AAB8E200465BB0 /* Frameworks */,
				A10AF84421AAB8E200465BB0 /* Resources */,
			);
			buildRules = (
			);
			dependencies = (
				A10AF84821AAB8E200465BB0 /* PBXTargetDependency */,
			);
			name = PhotosTests;
			productName = PhotosTests;
			productReference = A10AF84621AAB8E200465BB0 /* PhotosTests.xctest */;
			productType = "com.apple.product-type.bundle.unit-test";
		};
		A10AF85021AAB8E200465BB0 /* PhotosUITests */ = {
			isa = PBXNativeTarget;
			buildConfigurationList = A10AF86021AAB8E200465BB0 /* Build configuration list for PBXNativeTarget "PhotosUITests" */;
			buildPhases = (
				A10AF84D21AAB8E200465BB0 /* Sources */,
				A10AF84E21AAB8E200465BB0 /* Frameworks */,
				A10AF84F21AAB8E200465BB0 /* Resources */,
			);
			buildRules = (
			);
			dependencies = (
				A10AF85321AAB8E200465BB0 /* PBXTargetDependency */,
			);
			name = PhotosUITests;
			productName = PhotosUITests;
			productReference = A10AF85121AAB8E200465BB0 /* PhotosUITests.xctest */;
			productType = "com.apple.product-type.bundle.ui-testing";
		};
/* End PBXNativeTarget section */

/* Begin PBXProject section */
		A10AF82A21AAB8E000465BB0 /* Project object */ = {
			isa = PBXProject;
			attributes = {
				LastSwiftUpdateCheck = 1010;
				LastUpgradeCheck = 1010;
				ORGANIZATIONNAME = "Christopher Navas";
				TargetAttributes = {
					A10AF83121AAB8E000465BB0 = {
						CreatedOnToolsVersion = 10.1;
					};
					A10AF84521AAB8E200465BB0 = {
						CreatedOnToolsVersion = 10.1;
						TestTargetID = A10AF83121AAB8E000465BB0;
					};
					A10AF85021AAB8E200465BB0 = {
						CreatedOnToolsVersion = 10.1;
						TestTargetID = A10AF83121AAB8E000465BB0;
					};
				};
			};
			buildConfigurationList = A10AF82D21AAB8E000465BB0 /* Build configuration list for PBXProject "Photos" */;
			compatibilityVersion = "Xcode 9.3";
			developmentRegion = en;
			hasScannedForEncodings = 0;
			knownRegions = (
				en,
				Base,
			);
			mainGroup = A10AF82921AAB8E000465BB0;
			productRefGroup = A10AF83321AAB8E000465BB0 /* Products */;
			projectDirPath = "";
			projectRoot = "";
			targets = (
				A10AF83121AAB8E000465BB0 /* Photos */,
				A10AF84521AAB8E200465BB0 /* PhotosTests */,
				A10AF85021AAB8E200465BB0 /* PhotosUITests */,
			);
		};
/* End PBXProject section */

/* Begin PBXResourcesBuildPhase section */
		A10AF83021AAB8E000465BB0 /* Resources */ = {
			isa = PBXResourcesBuildPhase;
			buildActionMask = 2147483647;
			files = (
				A10AF84021AAB8E200465BB0 /* LaunchScreen.storyboard in Resources */,
				A10AF83D21AAB8E200465BB0 /* Assets.xcassets in Resources */,
				A10AF83B21AAB8E000465BB0 /* Main.storyboard in Resources */,
			);
			runOnlyForDeploymentPostprocessing = 0;
		};
		A10AF84421AAB8E200465BB0 /* Resources */ = {
			isa = PBXResourcesBuildPhase;
			buildActionMask = 2147483647;
			files = (
			);
			runOnlyForDeploymentPostprocessing = 0;
		};
		A10AF84F21AAB8E200465BB0 /* Resources */ = {
			isa = PBXResourcesBuildPhase;
			buildActionMask = 2147483647;
			files = (
			);
			runOnlyForDeploymentPostprocessing = 0;
		};
/* End PBXResourcesBuildPhase section */

/* Begin PBXSourcesBuildPhase section */
		A10AF82E21AAB8E000465BB0 /* Sources */ = {
			isa = PBXSourcesBuildPhase;
			buildActionMask = 2147483647;
			files = (
				A10AF83821AAB8E000465BB0 /* ViewController.swift in Sources */,
				A10AF83621AAB8E000465BB0 /* AppDelegate.swift in Sources */,
			);
			runOnlyForDeploymentPostprocessing = 0;
		};
		A10AF84221AAB8E200465BB0 /* Sources */ = {
			isa = PBXSourcesBuildPhase;
			buildActionMask = 2147483647;
			files = (
				A10AF84B21AAB8E200465BB0 /* PhotosTests.swift in Sources */,
			);
			runOnlyForDeploymentPostprocessing = 0;
		};
		A10AF84D21AAB8E200465BB0 /* Sources */ = {
			isa = PBXSourcesBuildPhase;
			buildActionMask = 2147483647;
			files = (
				A10AF85621AAB8E200465BB0 /* PhotosUITests.swift in Sources */,
			);
			runOnlyForDeploymentPostprocessing = 0;
		};
/* End PBXSourcesBuildPhase section */

/* Begin PBXTargetDependency section */
		A10AF84821AAB8E200465BB0 /* PBXTargetDependency */ = {
			isa = PBXTargetDependency;
			target = A10AF83121AAB8E000465BB0 /* Photos */;
			targetProxy = A10AF84721AAB8E200465BB0 /* PBXContainerItemProxy */;
		};
		A10AF85321AAB8E200465BB0 /* PBXTargetDependency */ = {
			isa = PBXTargetDependency;
			target = A10AF83121AAB8E000465BB0 /* Photos */;
			targetProxy = A10AF85221AAB8E200465BB0 /* PBXContainerItemProxy */;
		};
/* End PBXTargetDependency section */

/* Begin PBXVariantGroup section */
		A10AF83921AAB8E000465BB0 /* Main.storyboard */ = {
			isa = PBXVariantGroup;
			children = (
				A10AF83A21AAB8E000465BB0 /* Base */,
			);
			name = Main.storyboard;
			sourceTree = "<group>";
		};
		A10AF83E21AAB8E200465BB0 /* LaunchScreen.storyboard */ = {
			isa = PBXVariantGroup;
			children = (
				A10AF83F21AAB8E200465BB0 /* Base */,
			);
			name = LaunchScreen.storyboard;
			sourceTree = "<group>";
		};
/* End PBXVariantGroup section */

/* Begin XCBuildConfiguration section */
		A10AF85821AAB8E200465BB0 /* Debug */ = {
			isa = XCBuildConfiguration;
			buildSettings = {
				ALWAYS_SEARCH_USER_PATHS = NO;
				CLANG_ANALYZER_NONNULL = YES;
				CLANG_ANALYZER_NUMBER_OBJECT_CONVERSION = YES_AGGRESSIVE;
				CLANG_CXX_LANGUAGE_STANDARD = "gnu++14";
				CLANG_CXX_LIBRARY = "libc++";
				CLANG_ENABLE_MODULES = YES;
				CLANG_ENABLE_OBJC_ARC = YES;
				CLANG_ENABLE_OBJC_WEAK = YES;
				CLANG_WARN_BLOCK_CAPTURE_AUTORELEASING = YES;
				CLANG_WARN_BOOL_CONVERSION = YES;
				CLANG_WARN_COMMA = YES;
				CLANG_WARN_CONSTANT_CONVERSION = YES;
				CLANG_WARN_DEPRECATED_OBJC_IMPLEMENTATIONS = YES;
				CLANG_WARN_DIRECT_OBJC_ISA_USAGE = YES_ERROR;
				CLANG_WARN_DOCUMENTATION_COMMENTS = YES;
				CLANG_WARN_EMPTY_BODY = YES;
				CLANG_WARN_ENUM_CONVERSION = YES;
				CLANG_WARN_INFINITE_RECURSION = YES;
				CLANG_WARN_INT_CONVERSION = YES;
				CLANG_WARN_NON_LITERAL_NULL_CONVERSION = YES;
				CLANG_WARN_OBJC_IMPLICIT_RETAIN_SELF = YES;
				CLANG_WARN_OBJC_LITERAL_CONVERSION = YES;
				CLANG_WARN_OBJC_ROOT_CLASS = YES_ERROR;
				CLANG_WARN_RANGE_LOOP_ANALYSIS = YES;
				CLANG_WARN_STRICT_PROTOTYPES = YES;
				CLANG_WARN_SUSPICIOUS_MOVE = YES;
				CLANG_WARN_UNGUARDED_AVAILABILITY = YES_AGGRESSIVE;
				CLANG_WARN_UNREACHABLE_CODE = YES;
				CLANG_WARN__DUPLICATE_METHOD_MATCH = YES;
				CODE_SIGN_IDENTITY = "iPhone Developer";
				COPY_PHASE_STRIP = NO;
				DEBUG_INFORMATION_FORMAT = dwarf;
				ENABLE_STRICT_OBJC_MSGSEND = YES;
				ENABLE_TESTABILITY = YES;
				GCC_C_LANGUAGE_STANDARD = gnu11;
				GCC_DYNAMIC_NO_PIC = NO;
				GCC_NO_COMMON_BLOCKS = YES;
				GCC_OPTIMIZATION_LEVEL = 0;
				GCC_PREPROCESSOR_DEFINITIONS = (
					"DEBUG=1",
					"$(inherited)",
				);
				GCC_WARN_64_TO_32_BIT_CONVERSION = YES;
				GCC_WARN_ABOUT_RETURN_TYPE = YES_ERROR;
				GCC_WARN_UNDECLARED_SELECTOR = YES;
				GCC_WARN_UNINITIALIZED_AUTOS = YES_AGGRESSIVE;
				GCC_WARN_UNUSED_FUNCTION = YES;
				GCC_WARN_UNUSED_VARIABLE = YES;
				IPHONEOS_DEPLOYMENT_TARGET = 12.1;
				MTL_ENABLE_DEBUG_INFO = INCLUDE_SOURCE;
				MTL_FAST_MATH = YES;
				ONLY_ACTIVE_ARCH = YES;
				SDKROOT = iphoneos;
				SWIFT_ACTIVE_COMPILATION_CONDITIONS = DEBUG;
				SWIFT_OPTIMIZATION_LEVEL = "-Onone";
			};
			name = Debug;
		};
		A10AF85921AAB8E200465BB0 /* Release */ = {
			isa = XCBuildConfiguration;
			buildSettings = {
				ALWAYS_SEARCH_USER_PATHS = NO;
				CLANG_ANALYZER_NONNULL = YES;
				CLANG_ANALYZER_NUMBER_OBJECT_CONVERSION = YES_AGGRESSIVE;
				CLANG_CXX_LANGUAGE_STANDARD = "gnu++14";
				CLANG_CXX_LIBRARY = "libc++";
				CLANG_ENABLE_MODULES = YES;
				CLANG_ENABLE_OBJC_ARC = YES;
				CLANG_ENABLE_OBJC_WEAK = YES;
				CLANG_WARN_BLOCK_CAPTURE_AUTORELEASING = YES;
				CLANG_WARN_BOOL_CONVERSION = YES;
				CLANG_WARN_COMMA = YES;
				CLANG_WARN_CONSTANT_CONVERSION = YES;
				CLANG_WARN_DEPRECATED_OBJC_IMPLEMENTATIONS = YES;
				CLANG_WARN_DIRECT_OBJC_ISA_USAGE = YES_ERROR;
				CLANG_WARN_DOCUMENTATION_COMMENTS = YES;
				CLANG_WARN_EMPTY_BODY = YES;
				CLANG_WARN_ENUM_CONVERSION = YES;
				CLANG_WARN_INFINITE_RECURSION = YES;
				CLANG_WARN_INT_CONVERSION = YES;
				CLANG_WARN_NON_LITERAL_NULL_CONVERSION = YES;
				CLANG_WARN_OBJC_IMPLICIT_RETAIN_SELF = YES;
				CLANG_WARN_OBJC_LITERAL_CONVERSION = YES;
				CLANG_WARN_OBJC_ROOT_CLASS = YES_ERROR;
				CLANG_WARN_RANGE_LOOP_ANALYSIS = YES;
				CLANG_WARN_STRICT_PROTOTYPES = YES;
				CLANG_WARN_SUSPICIOUS_MOVE = YES;
				CLANG_WARN_UNGUARDED_AVAILABILITY = YES_AGGRESSIVE;
				CLANG_WARN_UNREACHABLE_CODE = YES;
				CLANG_WARN__DUPLICATE_METHOD_MATCH = YES;
				CODE_SIGN_IDENTITY = "iPhone Developer";
				COPY_PHASE_STRIP = NO;
				DEBUG_INFORMATION_FORMAT = "dwarf-with-dsym";
				ENABLE_NS_ASSERTIONS = NO;
				ENABLE_STRICT_OBJC_MSGSEND = YES;
				GCC_C_LANGUAGE_STANDARD = gnu11;
				GCC_NO_COMMON_BLOCKS = YES;
				GCC_WARN_64_TO_32_BIT_CONVERSION = YES;
				GCC_WARN_ABOUT_RETURN_TYPE = YES_ERROR;
				GCC_WARN_UNDECLARED_SELECTOR = YES;
				GCC_WARN_UNINITIALIZED_AUTOS = YES_AGGRESSIVE;
				GCC_WARN_UNUSED_FUNCTION = YES;
				GCC_WARN_UNUSED_VARIABLE = YES;
				IPHONEOS_DEPLOYMENT_TARGET = 12.1;
				MTL_ENABLE_DEBUG_INFO = NO;
				MTL_FAST_MATH = YES;
				SDKROOT = iphoneos;
				SWIFT_COMPILATION_MODE = wholemodule;
				SWIFT_OPTIMIZATION_LEVEL = "-O";
				VALIDATE_PRODUCT = YES;
			};
			name = Release;
		};
		A10AF85B21AAB8E200465BB0 /* Debug */ = {
			isa = XCBuildConfiguration;
			buildSettings = {
				ASSETCATALOG_COMPILER_APPICON_NAME = AppIcon;
				CODE_SIGN_STYLE = Automatic;
				INFOPLIST_FILE = Photos/Info.plist;
				LD_RUNPATH_SEARCH_PATHS = (
					"$(inherited)",
					"@executable_path/Frameworks",
				);
				PRODUCT_BUNDLE_IDENTIFIER = com.christophernavas.Photos;
				PRODUCT_NAME = "$(TARGET_NAME)";
				SWIFT_VERSION = 4.2;
				TARGETED_DEVICE_FAMILY = "1,2";
			};
			name = Debug;
		};
		A10AF85C21AAB8E200465BB0 /* Release */ = {
			isa = XCBuildConfiguration;
			buildSettings = {
				ASSETCATALOG_COMPILER_APPICON_NAME = AppIcon;
				CODE_SIGN_STYLE = Automatic;
				INFOPLIST_FILE = Photos/Info.plist;
				LD_RUNPATH_SEARCH_PATHS = (
					"$(inherited)",
					"@executable_path/Frameworks",
				);
				PRODUCT_BUNDLE_IDENTIFIER = com.christophernavas.Photos;
				PRODUCT_NAME = "$(TARGET_NAME)";
				SWIFT_VERSION = 4.2;
				TARGETED_DEVICE_FAMILY = "1,2";
			};
			name = Release;
		};
		A10AF85E21AAB8E200465BB0 /* Debug */ = {
			isa = XCBuildConfiguration;
			buildSettings = {
				ALWAYS_EMBED_SWIFT_STANDARD_LIBRARIES = YES;
				BUNDLE_LOADER = "$(TEST_HOST)";
				CODE_SIGN_STYLE = Automatic;
				INFOPLIST_FILE = PhotosTests/Info.plist;
				LD_RUNPATH_SEARCH_PATHS = (
					"$(inherited)",
					"@executable_path/Frameworks",
					"@loader_path/Frameworks",
				);
				PRODUCT_BUNDLE_IDENTIFIER = com.christophernavas.PhotosTests;
				PRODUCT_NAME = "$(TARGET_NAME)";
				SWIFT_VERSION = 4.2;
				TARGETED_DEVICE_FAMILY = "1,2";
				TEST_HOST = "$(BUILT_PRODUCTS_DIR)/Photos.app/Photos";
			};
			name = Debug;
		};
		A10AF85F21AAB8E200465BB0 /* Release */ = {
			isa = XCBuildConfiguration;
			buildSettings = {
				ALWAYS_EMBED_SWIFT_STANDARD_LIBRARIES = YES;
				BUNDLE_LOADER = "$(TEST_HOST)";
				CODE_SIGN_STYLE = Automatic;
				INFOPLIST_FILE = PhotosTests/Info.plist;
				LD_RUNPATH_SEARCH_PATHS = (
					"$(inherited)",
					"@executable_path/Frameworks",
					"@loader_path/Frameworks",
				);
				PRODUCT_BUNDLE_IDENTIFIER = com.christophernavas.PhotosTests;
				PRODUCT_NAME = "$(TARGET_NAME)";
				SWIFT_VERSION = 4.2;
				TARGETED_DEVICE_FAMILY = "1,2";
				TEST_HOST = "$(BUILT_PRODUCTS_DIR)/Photos.app/Photos";
			};
			name = Release;
		};
		A10AF86121AAB8E200465BB0 /* Debug */ = {
			isa = XCBuildConfiguration;
			buildSettings = {
				ALWAYS_EMBED_SWIFT_STANDARD_LIBRARIES = YES;
				CODE_SIGN_STYLE = Automatic;
				INFOPLIST_FILE = PhotosUITests/Info.plist;
				LD_RUNPATH_SEARCH_PATHS = (
					"$(inherited)",
					"@executable_path/Frameworks",
					"@loader_path/Frameworks",
				);
				PRODUCT_BUNDLE_IDENTIFIER = com.christophernavas.PhotosUITests;
				PRODUCT_NAME = "$(TARGET_NAME)";
				SWIFT_VERSION = 4.2;
				TARGETED_DEVICE_FAMILY = "1,2";
				TEST_TARGET_NAME = Photos;
			};
			name = Debug;
		};
		A10AF86221AAB8E200465BB0 /* Release */ = {
			isa = XCBuildConfiguration;
			buildSettings = {
				ALWAYS_EMBED_SWIFT_STANDARD_LIBRARIES = YES;
				CODE_SIGN_STYLE = Automatic;
				INFOPLIST_FILE = PhotosUITests/Info.plist;
				LD_RUNPATH_SEARCH_PATHS = (
					"$(inherited)",
					"@executable_path/Frameworks",
					"@loader_path/Frameworks",
				);
				PRODUCT_BUNDLE_IDENTIFIER = com.christophernavas.PhotosUITests;
				PRODUCT_NAME = "$(TARGET_NAME)";
				SWIFT_VERSION = 4.2;
				TARGETED_DEVICE_FAMILY = "1,2";
				TEST_TARGET_NAME = Photos;
			};
			name = Release;
		};
/* End XCBuildConfiguration section */

/* Begin XCConfigurationList section */
		A10AF82D21AAB8E000465BB0 /* Build configuration list for PBXProject "Photos" */ = {
			isa = XCConfigurationList;
			buildConfigurations = (
				A10AF85821AAB8E200465BB0 /* Debug */,
				A10AF85921AAB8E200465BB0 /* Release */,
			);
			defaultConfigurationIsVisible = 0;
			defaultConfigurationName = Release;
		};
		A10AF85A21AAB8E200465BB0 /* Build configuration list for PBXNativeTarget "Photos" */ = {
			isa = XCConfigurationList;
			buildConfigurations = (
				A10AF85B21AAB8E200465BB0 /* Debug */,
				A10AF85C21AAB8E200465BB0 /* Release */,
			);
			defaultConfigurationIsVisible = 0;
			defaultConfigurationName = Release;
		};
		A10AF85D21AAB8E200465BB0 /* Build configuration list for PBXNativeTarget "PhotosTests" */ = {
			isa = XCConfigurationList;
			buildConfigurations = (
				A10AF85E21AAB8E200465BB0 /* Debug */,
				A10AF85F21AAB8E200465BB0 /* Release */,
			);
			defaultConfigurationIsVisible = 0;
			defaultConfigurationName = Release;
		};
		A10AF86021AAB8E200465BB0 /* Build configuration list for PBXNativeTarget "PhotosUITests" */ = {
			isa = XCConfigurationList;
			buildConfigurations = (
				A10AF86121AAB8E200465BB0 /* Debug */,
				A10AF86221AAB8E200465BB0 /* Release */,
			);
			defaultConfigurationIsVisible = 0;
			defaultConfigurationName = Release;
		};
/* End XCConfigurationList section */
	};
	rootObject = A10AF82A21AAB8E000465BB0 /* Project object */;
}
